
Microsoft Visual Studio Solution File, Format Version 12.00
# Visual Studio Version 17
VisualStudioVersion = 17.6.33829.357
MinimumVisualStudioVersion = 10.0.40219.1
Project("{FAE04EC0-301F-11D3-BF4B-00C04F79EFBC}") = "FIT5032_MyIdentity", "FIT5032_MyIdentity\FIT5032_MyIdentity.csproj", "{E8354579-A49B-4365-A0B1-EB0EF25FE4F7}"
EndProject
Global
	GlobalSection(SolutionConfigurationPlatforms) = preSolution
		Debug|Any CPU = Debug|Any CPU
		Release|Any CPU = Release|Any CPU
	EndGlobalSection
	GlobalSection(ProjectConfigurationPlatforms) = postSolution
		{E8354579-A49B-4365-A0B1-EB0EF25FE4F7}.Debug|Any CPU.ActiveCfg = Debug|Any CPU
		{E8354579-A49B-4365-A0B1-EB0EF25FE4F7}.Debug|Any CPU.Build.0 = Debug|Any CPU
		{E8354579-A49B-4365-A0B1-EB0EF25FE4F7}.Release|Any CPU.ActiveCfg = Release|Any CPU
		{E8354579-A49B-4365-A0B1-EB0EF25FE4F7}.Release|Any CPU.Build.0 = Release|Any CPU
	EndGlobalSection
	GlobalSection(SolutionProperties) = preSolution
		HideSolutionNode = FALSE
	EndGlobalSection
	GlobalSection(ExtensibilityGlobals) = postSolution
		SolutionGuid = {47966D89-DF29-4E06-B9B4-FBDB5AEFB558}
	EndGlobalSection
EndGlobal
